// !$*UTF8*$!
{
	archiveVersion = 1;
	classes = {
	};
	objectVersion = 46;
	objects = {

/* Begin PBXBuildFile section */
		D786690C1A9ABE6500FF9D31 /* ProgressView.m in Sources */ = {isa = PBXBuildFile; fileRef = D786690B1A9ABE6500FF9D31 /* ProgressView.m */; };
		D7A30C371A947F0000074D12 /* AppDelegate.m in Sources */ = {isa = PBXBuildFile; fileRef = D7A30C361A947F0000074D12 /* AppDelegate.m */; };
		D7A30C391A947F0000074D12 /* main.m in Sources */ = {isa = PBXBuildFile; fileRef = D7A30C381A947F0000074D12 /* main.m */; };
		D7A30C3B1A947F0000074D12 /* Images.xcassets in Resources */ = {isa = PBXBuildFile; fileRef = D7A30C3A1A947F0000074D12 /* Images.xcassets */; };
		D7A30C3E1A947F0000074D12 /* MainMenu.xib in Resources */ = {isa = PBXBuildFile; fileRef = D7A30C3C1A947F0000074D12 /* MainMenu.xib */; };
		D7A30C4A1A947F0000074D12 /* emotionexperimentTests.m in Sources */ = {isa = PBXBuildFile; fileRef = D7A30C491A947F0000074D12 /* emotionexperimentTests.m */; };
		D7A30C561A947F4D00074D12 /* BaseView.m in Sources */ = {isa = PBXBuildFile; fileRef = D7A30C551A947F4D00074D12 /* BaseView.m */; };
		D7A30C5D1A9480DF00074D12 /* NSMutableArray+Shuffling.m in Sources */ = {isa = PBXBuildFile; fileRef = D7A30C5A1A9480DF00074D12 /* NSMutableArray+Shuffling.m */; };
		D7A30C5E1A9480DF00074D12 /* NSTextField+AnimatedSetString.m in Sources */ = {isa = PBXBuildFile; fileRef = D7A30C5C1A9480DF00074D12 /* NSTextField+AnimatedSetString.m */; };
		D7A30C621A94810C00074D12 /* AppService.mm in Sources */ = {isa = PBXBuildFile; fileRef = D7A30C611A94810C00074D12 /* AppService.mm */; };
		D7A30C651A94818A00074D12 /* Screens.plist in Resources */ = {isa = PBXBuildFile; fileRef = D7A30C641A94818A00074D12 /* Screens.plist */; };
		D7A30C671A94819500074D12 /* Welcome.xib in Resources */ = {isa = PBXBuildFile; fileRef = D7A30C661A94819500074D12 /* Welcome.xib */; };
		D7A30C711A94837500074D12 /* Content.xib in Resources */ = {isa = PBXBuildFile; fileRef = D7A30C6E1A94837500074D12 /* Content.xib */; };
		D7A30C721A94837500074D12 /* Cross.xib in Resources */ = {isa = PBXBuildFile; fileRef = D7A30C6F1A94837500074D12 /* Cross.xib */; };
		D7A30C731A94837500074D12 /* Rating.xib in Resources */ = {isa = PBXBuildFile; fileRef = D7A30C701A94837500074D12 /* Rating.xib */; };
		D7A30C791A9486E500074D12 /* NSView+NibLoading.m in Sources */ = {isa = PBXBuildFile; fileRef = D7A30C781A9486E500074D12 /* NSView+NibLoading.m */; };
		D7A30C861A94A23900074D12 /* MouseEventView.m in Sources */ = {isa = PBXBuildFile; fileRef = D7A30C851A94A23900074D12 /* MouseEventView.m */; };
		D7EE2C791AB1DD4000595842 /* Foundation.framework in Frameworks */ = {isa = PBXBuildFile; fileRef = D7EE2C781AB1DD4000595842 /* Foundation.framework */; };
/* End PBXBuildFile section */

/* Begin PBXContainerItemProxy section */
		D7A30C441A947F0000074D12 /* PBXContainerItemProxy */ = {
			isa = PBXContainerItemProxy;
			containerPortal = D7A30C281A947F0000074D12 /* Project object */;
			proxyType = 1;
			remoteGlobalIDString = D7A30C2F1A947F0000074D12;
			remoteInfo = emotionexperiment;
		};
/* End PBXContainerItemProxy section */

/* Begin PBXCopyFilesBuildPhase section */
		D7354DAE1AC1486D00A76853 /* CopyFiles */ = {
			isa = PBXCopyFilesBuildPhase;
			buildActionMask = 8;
			dstPath = /usr/share/man/man1;
			dstSubfolderSpec = 0;
			files = (
			);
			runOnlyForDeploymentPostprocessing = 1;
		};
/* End PBXCopyFilesBuildPhase section */

/* Begin PBXFileReference section */
		D786690A1A9ABE6500FF9D31 /* ProgressView.h */ = {isa = PBXFileReference; fileEncoding = 4; lastKnownFileType = sourcecode.c.h; path = ProgressView.h; sourceTree = "<group>"; };
		D786690B1A9ABE6500FF9D31 /* ProgressView.m */ = {isa = PBXFileReference; fileEncoding = 4; lastKnownFileType = sourcecode.c.objc; path = ProgressView.m; sourceTree = "<group>"; };
		D7A30C301A947F0000074D12 /* emotionexperiment.app */ = {isa = PBXFileReference; explicitFileType = wrapper.application; includeInIndex = 0; path = emotionexperiment.app; sourceTree = BUILT_PRODUCTS_DIR; };
		D7A30C341A947F0000074D12 /* Info.plist */ = {isa = PBXFileReference; lastKnownFileType = text.plist.xml; path = Info.plist; sourceTree = "<group>"; };
		D7A30C351A947F0000074D12 /* AppDelegate.h */ = {isa = PBXFileReference; lastKnownFileType = sourcecode.c.h; path = AppDelegate.h; sourceTree = "<group>"; };
		D7A30C361A947F0000074D12 /* AppDelegate.m */ = {isa = PBXFileReference; lastKnownFileType = sourcecode.c.objc; path = AppDelegate.m; sourceTree = "<group>"; };
		D7A30C381A947F0000074D12 /* main.m */ = {isa = PBXFileReference; lastKnownFileType = sourcecode.c.objc; path = main.m; sourceTree = "<group>"; };
		D7A30C3A1A947F0000074D12 /* Images.xcassets */ = {isa = PBXFileReference; lastKnownFileType = folder.assetcatalog; path = Images.xcassets; sourceTree = "<group>"; };
		D7A30C3D1A947F0000074D12 /* Base */ = {isa = PBXFileReference; lastKnownFileType = file.xib; name = Base; path = Base.lproj/MainMenu.xib; sourceTree = "<group>"; };
		D7A30C431A947F0000074D12 /* emotionexperimentTests.xctest */ = {isa = PBXFileReference; explicitFileType = wrapper.cfbundle; includeInIndex = 0; path = emotionexperimentTests.xctest; sourceTree = BUILT_PRODUCTS_DIR; };
		D7A30C481A947F0000074D12 /* Info.plist */ = {isa = PBXFileReference; lastKnownFileType = text.plist.xml; path = Info.plist; sourceTree = "<group>"; };
		D7A30C491A947F0000074D12 /* emotionexperimentTests.m */ = {isa = PBXFileReference; lastKnownFileType = sourcecode.c.objc; path = emotionexperimentTests.m; sourceTree = "<group>"; };
		D7A30C541A947F4D00074D12 /* BaseView.h */ = {isa = PBXFileReference; fileEncoding = 4; lastKnownFileType = sourcecode.c.h; path = BaseView.h; sourceTree = "<group>"; };
		D7A30C551A947F4D00074D12 /* BaseView.m */ = {isa = PBXFileReference; fileEncoding = 4; lastKnownFileType = sourcecode.c.objc; path = BaseView.m; sourceTree = "<group>"; };
		D7A30C571A9480A300074D12 /* Constants.h */ = {isa = PBXFileReference; fileEncoding = 4; lastKnownFileType = sourcecode.c.h; path = Constants.h; sourceTree = "<group>"; };
		D7A30C591A9480DF00074D12 /* NSMutableArray+Shuffling.h */ = {isa = PBXFileReference; fileEncoding = 4; lastKnownFileType = sourcecode.c.h; path = "NSMutableArray+Shuffling.h"; sourceTree = "<group>"; };
		D7A30C5A1A9480DF00074D12 /* NSMutableArray+Shuffling.m */ = {isa = PBXFileReference; fileEncoding = 4; lastKnownFileType = sourcecode.c.objc; path = "NSMutableArray+Shuffling.m"; sourceTree = "<group>"; };
		D7A30C5B1A9480DF00074D12 /* NSTextField+AnimatedSetString.h */ = {isa = PBXFileReference; fileEncoding = 4; lastKnownFileType = sourcecode.c.h; path = "NSTextField+AnimatedSetString.h"; sourceTree = "<group>"; };
		D7A30C5C1A9480DF00074D12 /* NSTextField+AnimatedSetString.m */ = {isa = PBXFileReference; fileEncoding = 4; lastKnownFileType = sourcecode.c.objc; path = "NSTextField+AnimatedSetString.m"; sourceTree = "<group>"; };
		D7A30C601A94810C00074D12 /* AppService.h */ = {isa = PBXFileReference; fileEncoding = 4; lastKnownFileType = sourcecode.c.h; path = AppService.h; sourceTree = "<group>"; };
		D7A30C611A94810C00074D12 /* AppService.mm */ = {isa = PBXFileReference; fileEncoding = 4; lastKnownFileType = sourcecode.cpp.objcpp; path = AppService.mm; sourceTree = "<group>"; };
		D7A30C641A94818A00074D12 /* Screens.plist */ = {isa = PBXFileReference; fileEncoding = 4; lastKnownFileType = text.plist.xml; path = Screens.plist; sourceTree = "<group>"; };
		D7A30C661A94819500074D12 /* Welcome.xib */ = {isa = PBXFileReference; fileEncoding = 4; lastKnownFileType = file.xib; path = Welcome.xib; sourceTree = "<group>"; };
		D7A30C6E1A94837500074D12 /* Content.xib */ = {isa = PBXFileReference; fileEncoding = 4; lastKnownFileType = file.xib; path = Content.xib; sourceTree = "<group>"; };
		D7A30C6F1A94837500074D12 /* Cross.xib */ = {isa = PBXFileReference; fileEncoding = 4; lastKnownFileType = file.xib; path = Cross.xib; sourceTree = "<group>"; };
		D7A30C701A94837500074D12 /* Rating.xib */ = {isa = PBXFileReference; fileEncoding = 4; lastKnownFileType = file.xib; path = Rating.xib; sourceTree = "<group>"; };
		D7A30C771A9486E500074D12 /* NSView+NibLoading.h */ = {isa = PBXFileReference; fileEncoding = 4; lastKnownFileType = sourcecode.c.h; path = "NSView+NibLoading.h"; sourceTree = "<group>"; };
		D7A30C781A9486E500074D12 /* NSView+NibLoading.m */ = {isa = PBXFileReference; fileEncoding = 4; lastKnownFileType = sourcecode.c.objc; path = "NSView+NibLoading.m"; sourceTree = "<group>"; };
		D7A30C841A94A23900074D12 /* MouseEventView.h */ = {isa = PBXFileReference; fileEncoding = 4; lastKnownFileType = sourcecode.c.h; path = MouseEventView.h; sourceTree = "<group>"; };
		D7A30C851A94A23900074D12 /* MouseEventView.m */ = {isa = PBXFileReference; fileEncoding = 4; lastKnownFileType = sourcecode.c.objc; path = MouseEventView.m; sourceTree = "<group>"; };
		D7EE2C781AB1DD4000595842 /* Foundation.framework */ = {isa = PBXFileReference; lastKnownFileType = wrapper.framework; name = Foundation.framework; path = Platforms/MacOSX.platform/Developer/SDKs/MacOSX10.9.sdk/System/Library/Frameworks/Foundation.framework; sourceTree = DEVELOPER_DIR; };
/* End PBXFileReference section */

/* Begin PBXFrameworksBuildPhase section */
		D7A30C2D1A947F0000074D12 /* Frameworks */ = {
			isa = PBXFrameworksBuildPhase;
			buildActionMask = 2147483647;
			files = (
				D7EE2C791AB1DD4000595842 /* Foundation.framework in Frameworks */,
			);
			runOnlyForDeploymentPostprocessing = 0;
		};
		D7A30C401A947F0000074D12 /* Frameworks */ = {
			isa = PBXFrameworksBuildPhase;
			buildActionMask = 2147483647;
			files = (
			);
			runOnlyForDeploymentPostprocessing = 0;
		};
/* End PBXFrameworksBuildPhase section */

/* Begin PBXGroup section */
		D7A30C271A947F0000074D12 = {
			isa = PBXGroup;
			children = (
				D7EE2C7A1AB1DD5000595842 /* Frameworks */,
				D7A30C321A947F0000074D12 /* emotionexperiment */,
				D7A30C461A947F0000074D12 /* emotionexperimentTests */,
				D7A30C311A947F0000074D12 /* Products */,
			);
			sourceTree = "<group>";
		};
		D7A30C311A947F0000074D12 /* Products */ = {
			isa = PBXGroup;
			children = (
				D7A30C301A947F0000074D12 /* emotionexperiment.app */,
				D7A30C431A947F0000074D12 /* emotionexperimentTests.xctest */,
			);
			name = Products;
			sourceTree = "<group>";
		};
		D7A30C321A947F0000074D12 /* emotionexperiment */ = {
			isa = PBXGroup;
			children = (
				D7A30C581A9480CA00074D12 /* Categories */,
				D7A30C5F1A9480FC00074D12 /* Servies */,
				D7A30C531A947F0C00074D12 /* Views */,
				D7A30C351A947F0000074D12 /* AppDelegate.h */,
				D7A30C361A947F0000074D12 /* AppDelegate.m */,
				D7A30C3A1A947F0000074D12 /* Images.xcassets */,
				D7A30C3C1A947F0000074D12 /* MainMenu.xib */,
				D7A30C331A947F0000074D12 /* Supporting Files */,
			);
			path = emotionexperiment;
			sourceTree = "<group>";
		};
		D7A30C331A947F0000074D12 /* Supporting Files */ = {
			isa = PBXGroup;
			children = (
				D7A30C641A94818A00074D12 /* Screens.plist */,
				D7A30C341A947F0000074D12 /* Info.plist */,
				D7A30C381A947F0000074D12 /* main.m */,
			);
			name = "Supporting Files";
			sourceTree = "<group>";
		};
		D7A30C461A947F0000074D12 /* emotionexperimentTests */ = {
			isa = PBXGroup;
			children = (
				D7A30C491A947F0000074D12 /* emotionexperimentTests.m */,
				D7A30C471A947F0000074D12 /* Supporting Files */,
			);
			path = emotionexperimentTests;
			sourceTree = "<group>";
		};
		D7A30C471A947F0000074D12 /* Supporting Files */ = {
			isa = PBXGroup;
			children = (
				D7A30C481A947F0000074D12 /* Info.plist */,
			);
			name = "Supporting Files";
			sourceTree = "<group>";
		};
		D7A30C531A947F0C00074D12 /* Views */ = {
			isa = PBXGroup;
			children = (
				D7A30C631A94816700074D12 /* Nibs */,
				D7A30C541A947F4D00074D12 /* BaseView.h */,
				D7A30C551A947F4D00074D12 /* BaseView.m */,
				D786690A1A9ABE6500FF9D31 /* ProgressView.h */,
				D786690B1A9ABE6500FF9D31 /* ProgressView.m */,
			);
			name = Views;
			sourceTree = "<group>";
		};
		D7A30C581A9480CA00074D12 /* Categories */ = {
			isa = PBXGroup;
			children = (
				D7A30C591A9480DF00074D12 /* NSMutableArray+Shuffling.h */,
				D7A30C5A1A9480DF00074D12 /* NSMutableArray+Shuffling.m */,
				D7A30C5B1A9480DF00074D12 /* NSTextField+AnimatedSetString.h */,
				D7A30C5C1A9480DF00074D12 /* NSTextField+AnimatedSetString.m */,
				D7A30C771A9486E500074D12 /* NSView+NibLoading.h */,
				D7A30C781A9486E500074D12 /* NSView+NibLoading.m */,
				D7A30C841A94A23900074D12 /* MouseEventView.h */,
				D7A30C851A94A23900074D12 /* MouseEventView.m */,
			);
			name = Categories;
			sourceTree = "<group>";
		};
		D7A30C5F1A9480FC00074D12 /* Servies */ = {
			isa = PBXGroup;
			children = (
				D7A30C571A9480A300074D12 /* Constants.h */,
				D7A30C601A94810C00074D12 /* AppService.h */,
				D7A30C611A94810C00074D12 /* AppService.mm */,
			);
			name = Servies;
			sourceTree = "<group>";
		};
		D7A30C631A94816700074D12 /* Nibs */ = {
			isa = PBXGroup;
			children = (
				D7A30C6E1A94837500074D12 /* Content.xib */,
				D7A30C6F1A94837500074D12 /* Cross.xib */,
				D7A30C701A94837500074D12 /* Rating.xib */,
				D7A30C661A94819500074D12 /* Welcome.xib */,
			);
			name = Nibs;
			sourceTree = "<group>";
		};
		D7EE2C7A1AB1DD5000595842 /* Frameworks */ = {
			isa = PBXGroup;
			children = (
				D7EE2C781AB1DD4000595842 /* Foundation.framework */,
			);
			name = Frameworks;
			sourceTree = "<group>";
		};
/* End PBXGroup section */

/* Begin PBXNativeTarget section */
		D7A30C2F1A947F0000074D12 /* emotionexperiment */ = {
			isa = PBXNativeTarget;
			buildConfigurationList = D7A30C4D1A947F0000074D12 /* Build configuration list for PBXNativeTarget "emotionexperiment" */;
			buildPhases = (
				D7A30C2C1A947F0000074D12 /* Sources */,
				D7A30C2D1A947F0000074D12 /* Frameworks */,
				D7A30C2E1A947F0000074D12 /* Resources */,
				D7354DAE1AC1486D00A76853 /* CopyFiles */,
			);
			buildRules = (
			);
			dependencies = (
			);
			name = emotionexperiment;
			productName = emotionexperiment;
			productReference = D7A30C301A947F0000074D12 /* emotionexperiment.app */;
			productType = "com.apple.product-type.application";
		};
		D7A30C421A947F0000074D12 /* emotionexperimentTests */ = {
			isa = PBXNativeTarget;
			buildConfigurationList = D7A30C501A947F0000074D12 /* Build configuration list for PBXNativeTarget "emotionexperimentTests" */;
			buildPhases = (
				D7A30C3F1A947F0000074D12 /* Sources */,
				D7A30C401A947F0000074D12 /* Frameworks */,
				D7A30C411A947F0000074D12 /* Resources */,
			);
			buildRules = (
			);
			dependencies = (
				D7A30C451A947F0000074D12 /* PBXTargetDependency */,
			);
			name = emotionexperimentTests;
			productName = emotionexperimentTests;
			productReference = D7A30C431A947F0000074D12 /* emotionexperimentTests.xctest */;
			productType = "com.apple.product-type.bundle.unit-test";
		};
/* End PBXNativeTarget section */

/* Begin PBXProject section */
		D7A30C281A947F0000074D12 /* Project object */ = {
			isa = PBXProject;
			attributes = {
				LastUpgradeCheck = 0610;
				ORGANIZATIONNAME = "Hai Le";
				TargetAttributes = {
					D7A30C2F1A947F0000074D12 = {
						CreatedOnToolsVersion = 6.1.1;
					};
					D7A30C421A947F0000074D12 = {
						CreatedOnToolsVersion = 6.1.1;
						TestTargetID = D7A30C2F1A947F0000074D12;
					};
				};
			};
			buildConfigurationList = D7A30C2B1A947F0000074D12 /* Build configuration list for PBXProject "emotionexperiment" */;
			compatibilityVersion = "Xcode 3.2";
			developmentRegion = English;
			hasScannedForEncodings = 0;
			knownRegions = (
				en,
				Base,
			);
			mainGroup = D7A30C271A947F0000074D12;
			productRefGroup = D7A30C311A947F0000074D12 /* Products */;
			projectDirPath = "";
			projectRoot = "";
			targets = (
				D7A30C2F1A947F0000074D12 /* emotionexperiment */,
				D7A30C421A947F0000074D12 /* emotionexperimentTests */,
			);
		};
/* End PBXProject section */

/* Begin PBXResourcesBuildPhase section */
		D7A30C2E1A947F0000074D12 /* Resources */ = {
			isa = PBXResourcesBuildPhase;
			buildActionMask = 2147483647;
			files = (
				D7A30C671A94819500074D12 /* Welcome.xib in Resources */,
				D7A30C651A94818A00074D12 /* Screens.plist in Resources */,
				D7A30C711A94837500074D12 /* Content.xib in Resources */,
				D7A30C731A94837500074D12 /* Rating.xib in Resources */,
				D7A30C3B1A947F0000074D12 /* Images.xcassets in Resources */,
				D7A30C721A94837500074D12 /* Cross.xib in Resources */,
				D7A30C3E1A947F0000074D12 /* MainMenu.xib in Resources */,
			);
			runOnlyForDeploymentPostprocessing = 0;
		};
		D7A30C411A947F0000074D12 /* Resources */ = {
			isa = PBXResourcesBuildPhase;
			buildActionMask = 2147483647;
			files = (
			);
			runOnlyForDeploymentPostprocessing = 0;
		};
/* End PBXResourcesBuildPhase section */

/* Begin PBXSourcesBuildPhase section */
		D7A30C2C1A947F0000074D12 /* Sources */ = {
			isa = PBXSourcesBuildPhase;
			buildActionMask = 2147483647;
			files = (
				D7A30C5D1A9480DF00074D12 /* NSMutableArray+Shuffling.m in Sources */,
				D7A30C861A94A23900074D12 /* MouseEventView.m in Sources */,
				D786690C1A9ABE6500FF9D31 /* ProgressView.m in Sources */,
				D7A30C391A947F0000074D12 /* main.m in Sources */,
				D7A30C371A947F0000074D12 /* AppDelegate.m in Sources */,
				D7A30C621A94810C00074D12 /* AppService.mm in Sources */,
				D7A30C791A9486E500074D12 /* NSView+NibLoading.m in Sources */,
				D7A30C561A947F4D00074D12 /* BaseView.m in Sources */,
				D7A30C5E1A9480DF00074D12 /* NSTextField+AnimatedSetString.m in Sources */,
			);
			runOnlyForDeploymentPostprocessing = 0;
		};
		D7A30C3F1A947F0000074D12 /* Sources */ = {
			isa = PBXSourcesBuildPhase;
			buildActionMask = 2147483647;
			files = (
				D7A30C4A1A947F0000074D12 /* emotionexperimentTests.m in Sources */,
			);
			runOnlyForDeploymentPostprocessing = 0;
		};
/* End PBXSourcesBuildPhase section */

/* Begin PBXTargetDependency section */
		D7A30C451A947F0000074D12 /* PBXTargetDependency */ = {
			isa = PBXTargetDependency;
			target = D7A30C2F1A947F0000074D12 /* emotionexperiment */;
			targetProxy = D7A30C441A947F0000074D12 /* PBXContainerItemProxy */;
		};
/* End PBXTargetDependency section */

/* Begin PBXVariantGroup section */
		D7A30C3C1A947F0000074D12 /* MainMenu.xib */ = {
			isa = PBXVariantGroup;
			children = (
				D7A30C3D1A947F0000074D12 /* Base */,
			);
			name = MainMenu.xib;
			sourceTree = "<group>";
		};
/* End PBXVariantGroup section */

/* Begin XCBuildConfiguration section */
		D7A30C4B1A947F0000074D12 /* Debug */ = {
			isa = XCBuildConfiguration;
			buildSettings = {
				ALWAYS_SEARCH_USER_PATHS = NO;
				CLANG_CXX_LANGUAGE_STANDARD = "gnu++0x";
				CLANG_CXX_LIBRARY = "libc++";
				CLANG_ENABLE_MODULES = YES;
				CLANG_ENABLE_OBJC_ARC = YES;
				CLANG_WARN_BOOL_CONVERSION = YES;
				CLANG_WARN_CONSTANT_CONVERSION = YES;
				CLANG_WARN_DIRECT_OBJC_ISA_USAGE = YES_ERROR;
				CLANG_WARN_EMPTY_BODY = YES;
				CLANG_WARN_ENUM_CONVERSION = YES;
				CLANG_WARN_INT_CONVERSION = YES;
				CLANG_WARN_OBJC_ROOT_CLASS = YES_ERROR;
				CLANG_WARN_UNREACHABLE_CODE = YES;
				CLANG_WARN__DUPLICATE_METHOD_MATCH = YES;
				CODE_SIGN_IDENTITY = "-";
				COPY_PHASE_STRIP = NO;
				ENABLE_STRICT_OBJC_MSGSEND = YES;
				GCC_C_LANGUAGE_STANDARD = gnu99;
				GCC_DYNAMIC_NO_PIC = NO;
				GCC_OPTIMIZATION_LEVEL = 0;
				GCC_PREPROCESSOR_DEFINITIONS = (
					"DEBUG=1",
					"$(inherited)",
				);
				GCC_SYMBOLS_PRIVATE_EXTERN = NO;
				GCC_WARN_64_TO_32_BIT_CONVERSION = YES;
				GCC_WARN_ABOUT_RETURN_TYPE = YES_ERROR;
				GCC_WARN_UNDECLARED_SELECTOR = YES;
				GCC_WARN_UNINITIALIZED_AUTOS = YES_AGGRESSIVE;
				GCC_WARN_UNUSED_FUNCTION = YES;
				GCC_WARN_UNUSED_VARIABLE = YES;
				MACOSX_DEPLOYMENT_TARGET = 10.10;
				MTL_ENABLE_DEBUG_INFO = YES;
				ONLY_ACTIVE_ARCH = YES;
				SDKROOT = macosx;
			};
			name = Debug;
		};
		D7A30C4C1A947F0000074D12 /* Release */ = {
			isa = XCBuildConfiguration;
			buildSettings = {
				ALWAYS_SEARCH_USER_PATHS = NO;
				CLANG_CXX_LANGUAGE_STANDARD = "gnu++0x";
				CLANG_CXX_LIBRARY = "libc++";
				CLANG_ENABLE_MODULES = YES;
				CLANG_ENABLE_OBJC_ARC = YES;
				CLANG_WARN_BOOL_CONVERSION = YES;
				CLANG_WARN_CONSTANT_CONVERSION = YES;
				CLANG_WARN_DIRECT_OBJC_ISA_USAGE = YES_ERROR;
				CLANG_WARN_EMPTY_BODY = YES;
				CLANG_WARN_ENUM_CONVERSION = YES;
				CLANG_WARN_INT_CONVERSION = YES;
				CLANG_WARN_OBJC_ROOT_CLASS = YES_ERROR;
				CLANG_WARN_UNREACHABLE_CODE = YES;
				CLANG_WARN__DUPLICATE_METHOD_MATCH = YES;
				CODE_SIGN_IDENTITY = "-";
				COPY_PHASE_STRIP = YES;
				DEBUG_INFORMATION_FORMAT = "dwarf-with-dsym";
				ENABLE_NS_ASSERTIONS = NO;
				ENABLE_STRICT_OBJC_MSGSEND = YES;
				GCC_C_LANGUAGE_STANDARD = gnu99;
				GCC_WARN_64_TO_32_BIT_CONVERSION = YES;
				GCC_WARN_ABOUT_RETURN_TYPE = YES_ERROR;
				GCC_WARN_UNDECLARED_SELECTOR = YES;
				GCC_WARN_UNINITIALIZED_AUTOS = YES_AGGRESSIVE;
				GCC_WARN_UNUSED_FUNCTION = YES;
				GCC_WARN_UNUSED_VARIABLE = YES;
				MACOSX_DEPLOYMENT_TARGET = 10.10;
				MTL_ENABLE_DEBUG_INFO = NO;
				SDKROOT = macosx;
			};
			name = Release;
		};
		D7A30C4E1A947F0000074D12 /* Debug */ = {
			isa = XCBuildConfiguration;
			buildSettings = {
				ALWAYS_SEARCH_USER_PATHS = YES;
				ASSETCATALOG_COMPILER_APPICON_NAME = AppIcon;
				CLANG_CXX_LANGUAGE_STANDARD = "compiler-default";
				CLANG_CXX_LIBRARY = "libc++";
				COMBINE_HIDPI_IMAGES = YES;
				INFOPLIST_FILE = emotionexperiment/Info.plist;
				LD_RUNPATH_SEARCH_PATHS = "$(inherited) @executable_path/../Frameworks";
				MACOSX_DEPLOYMENT_TARGET = 10.9;
				PRODUCT_NAME = emotionexperiment;
				SDKROOT = macosx10.9;
				VALID_ARCHS = x86_64;
			};
			name = Debug;
		};
		D7A30C4F1A947F0000074D12 /* Release */ = {
			isa = XCBuildConfiguration;
			buildSettings = {
				ALWAYS_SEARCH_USER_PATHS = YES;
				ASSETCATALOG_COMPILER_APPICON_NAME = AppIcon;
				CLANG_CXX_LANGUAGE_STANDARD = "compiler-default";
				CLANG_CXX_LIBRARY = "libc++";
				COMBINE_HIDPI_IMAGES = YES;
				INFOPLIST_FILE = emotionexperiment/Info.plist;
				LD_RUNPATH_SEARCH_PATHS = "$(inherited) @executable_path/../Frameworks";
				MACOSX_DEPLOYMENT_TARGET = 10.9;
				PRODUCT_NAME = emotionexperiment;
				SDKROOT = macosx10.9;
				VALID_ARCHS = x86_64;
			};
			name = Release;
		};
		D7A30C511A947F0000074D12 /* Debug */ = {
			isa = XCBuildConfiguration;
			buildSettings = {
				BUNDLE_LOADER = "$(TEST_HOST)";
				COMBINE_HIDPI_IMAGES = YES;
				FRAMEWORK_SEARCH_PATHS = (
					"$(DEVELOPER_FRAMEWORKS_DIR)",
					"$(inherited)",
				);
				GCC_PREPROCESSOR_DEFINITIONS = (
					"DEBUG=1",
					"$(inherited)",
				);
				INFOPLIST_FILE = emotionexperimentTests/Info.plist;
				LD_RUNPATH_SEARCH_PATHS = "$(inherited) @executable_path/../Frameworks @loader_path/../Frameworks";
				PRODUCT_NAME = emotionexperimentTests;
				TEST_HOST = "$(BUILT_PRODUCTS_DIR)/emotionexperiment.app/Contents/MacOS/emotionexperiment";
			};
			name = Debug;
		};
		D7A30C521A947F0000074D12 /* Release */ = {
			isa = XCBuildConfiguration;
			buildSettings = {
				BUNDLE_LOADER = "$(TEST_HOST)";
				COMBINE_HIDPI_IMAGES = YES;
				FRAMEWORK_SEARCH_PATHS = (
					"$(DEVELOPER_FRAMEWORKS_DIR)",
					"$(inherited)",
				);
				INFOPLIST_FILE = emotionexperimentTests/Info.plist;
				LD_RUNPATH_SEARCH_PATHS = "$(inherited) @executable_path/../Frameworks @loader_path/../Frameworks";
				PRODUCT_NAME = emotionexperimentTests;
				TEST_HOST = "$(BUILT_PRODUCTS_DIR)/emotionexperiment.app/Contents/MacOS/emotionexperiment";
			};
			name = Release;
		};
/* End XCBuildConfiguration section */

/* Begin XCConfigurationList section */
		D7A30C2B1A947F0000074D12 /* Build configuration list for PBXProject "emotionexperiment" */ = {
			isa = XCConfigurationList;
			buildConfigurations = (
				D7A30C4B1A947F0000074D12 /* Debug */,
				D7A30C4C1A947F0000074D12 /* Release */,
			);
			defaultConfigurationIsVisible = 0;
			defaultConfigurationName = Release;
		};
		D7A30C4D1A947F0000074D12 /* Build configuration list for PBXNativeTarget "emotionexperiment" */ = {
			isa = XCConfigurationList;
			buildConfigurations = (
				D7A30C4E1A947F0000074D12 /* Debug */,
				D7A30C4F1A947F0000074D12 /* Release */,
			);
			defaultConfigurationIsVisible = 0;
			defaultConfigurationName = Release;
		};
		D7A30C501A947F0000074D12 /* Build configuration list for PBXNativeTarget "emotionexperimentTests" */ = {
			isa = XCConfigurationList;
			buildConfigurations = (
				D7A30C511A947F0000074D12 /* Debug */,
				D7A30C521A947F0000074D12 /* Release */,
			);
			defaultConfigurationIsVisible = 0;
			defaultConfigurationName = Release;
		};
/* End XCConfigurationList section */
	};
	rootObject = D7A30C281A947F0000074D12 /* Project object */;
}
